
Microsoft Visual Studio Solution File, Format Version 12.00
# Visual Studio Version 16
VisualStudioVersion = 16.0.29009.5
MinimumVisualStudioVersion = 10.0.40219.1
Project("{FAE04EC0-301F-11D3-BF4B-00C04F79EFBC}") = "Autodb", "Autodb.csproj", "{5D59A153-65E4-4630-93E4-1D084B031AB4}"
EndProject
Global
	GlobalSection(SolutionConfigurationPlatforms) = preSolution
		Debug|Any CPU = Debug|Any CPU
		Release|Any CPU = Release|Any CPU
	EndGlobalSection
	GlobalSection(ProjectConfigurationPlatforms) = postSolution
		{5D59A153-65E4-4630-93E4-1D084B031AB4}.Debug|Any CPU.ActiveCfg = Debug|Any CPU
		{5D59A153-65E4-4630-93E4-1D084B031AB4}.Debug|Any CPU.Build.0 = Debug|Any CPU
		{5D59A153-65E4-4630-93E4-1D084B031AB4}.Release|Any CPU.ActiveCfg = Release|Any CPU
		{5D59A153-65E4-4630-93E4-1D084B031AB4}.Release|Any CPU.Build.0 = Release|Any CPU
	EndGlobalSection
	GlobalSection(SolutionProperties) = preSolution
		HideSolutionNode = FALSE
	EndGlobalSection
	GlobalSection(ExtensibilityGlobals) = postSolution
		SolutionGuid = {E19233D8-06A4-4988-A3C8-70B346C64232}
	EndGlobalSection
EndGlobal
